
Microsoft Visual Studio Solution File, Format Version 12.00
# Visual Studio Version 17
VisualStudioVersion = 17.0.32014.148
MinimumVisualStudioVersion = 10.0.40219.1
Project("{FAE04EC0-301F-11D3-BF4B-00C04F79EFBC}") = "HatHut22", "HatHut22\HatHut22.csproj", "{0FB68F8F-DD1E-41A6-B776-C02D2439BC93}"
EndProject
Global
	GlobalSection(SolutionConfigurationPlatforms) = preSolution
		Debug|Any CPU = Debug|Any CPU
		Release|Any CPU = Release|Any CPU
	EndGlobalSection
	GlobalSection(ProjectConfigurationPlatforms) = postSolution
		{0FB68F8F-DD1E-41A6-B776-C02D2439BC93}.Debug|Any CPU.ActiveCfg = Debug|Any CPU
		{0FB68F8F-DD1E-41A6-B776-C02D2439BC93}.Debug|Any CPU.Build.0 = Debug|Any CPU
		{0FB68F8F-DD1E-41A6-B776-C02D2439BC93}.Release|Any CPU.ActiveCfg = Release|Any CPU
		{0FB68F8F-DD1E-41A6-B776-C02D2439BC93}.Release|Any CPU.Build.0 = Release|Any CPU
	EndGlobalSection
	GlobalSection(SolutionProperties) = preSolution
		HideSolutionNode = FALSE
	EndGlobalSection
	GlobalSection(ExtensibilityGlobals) = postSolution
		SolutionGuid = {6A48CE86-9797-4538-8860-6CF00C48648D}
	EndGlobalSection
EndGlobal
